
Microsoft Visual Studio Solution File, Format Version 12.00
# Visual Studio 15
VisualStudioVersion = 15.0.28307.645
MinimumVisualStudioVersion = 10.0.40219.1
Project("{2150E333-8FDC-42A3-9474-1A3956D46DE8}") = "1 - Presentation", "1 - Presentation", "{128F8B02-FE11-4B7C-A395-F4635BC21B68}"
EndProject
Project("{2150E333-8FDC-42A3-9474-1A3956D46DE8}") = "2 - Services", "2 - Services", "{6D76863D-A6D9-4880-99C6-DA50749B227D}"
EndProject
Project("{2150E333-8FDC-42A3-9474-1A3956D46DE8}") = "3 - Application", "3 - Application", "{B04ABA81-6657-466C-AD06-CD3C503C0EC9}"
EndProject
Project("{2150E333-8FDC-42A3-9474-1A3956D46DE8}") = "4 - Domain", "4 - Domain", "{5CCF280E-D1A5-4214-B056-EB69721309E7}"
EndProject
Project("{2150E333-8FDC-42A3-9474-1A3956D46DE8}") = "5 - Infra", "5 - Infra", "{AE8231F6-F328-4839-8DAD-368BD06662BE}"
EndProject
Project("{2150E333-8FDC-42A3-9474-1A3956D46DE8}") = "5.1 - Data", "5.1 - Data", "{427EC155-8067-4BA3-BE16-D87380D00E59}"
EndProject
Project("{2150E333-8FDC-42A3-9474-1A3956D46DE8}") = "5.2 - CrossCutting", "5.2 - CrossCutting", "{348E0BB0-52DD-4AED-9007-608E82732CC8}"
EndProject
Project("{9A19103F-16F7-4668-BE54-9A1E7A4F7556}") = "AvivatecParty.Domain", "src\AvivatecParty.Domain\AvivatecParty.Domain.csproj", "{2FC30BB4-404B-4757-886E-D2F79A0EEE8F}"
EndProject
Project("{9A19103F-16F7-4668-BE54-9A1E7A4F7556}") = "AvivatecParty.Domain.Core", "src\AvivatecParty.Domain.Core\AvivatecParty.Domain.Core.csproj", "{45B18A67-C108-4220-A7E0-B1493EC698AA}"
EndProject
Project("{9A19103F-16F7-4668-BE54-9A1E7A4F7556}") = "AvivatecParty.Infra.Data", "src\AvivatecParty.Infra.Data\AvivatecParty.Infra.Data.csproj", "{1937AE60-80CE-4D92-9A9C-F0C9E23A28CA}"
EndProject
Project("{9A19103F-16F7-4668-BE54-9A1E7A4F7556}") = "AvivatecParty.Infra.CrossCutting.Bus", "src\AvivatecParty.Infra.CrossCutting.Bus\AvivatecParty.Infra.CrossCutting.Bus.csproj", "{4A85120A-B020-4E3E-88A7-DC3E80E44290}"
EndProject
Project("{FAE04EC0-301F-11D3-BF4B-00C04F79EFBC}") = "AvivatecParty.Infra.CrossCutting.IoC", "src\AvivatecParty.Infra.CrossCutting.IoC\AvivatecParty.Infra.CrossCutting.IoC.csproj", "{6192B9BE-22AE-45DB-AE61-295DBA09750F}"
EndProject
Project("{FAE04EC0-301F-11D3-BF4B-00C04F79EFBC}") = "AvivatecParty.Application", "src\AvivatecParty.Application\AvivatecParty.Application.csproj", "{6DD5F905-3B70-481E-9092-B5399E3295EA}"
EndProject
Project("{FAE04EC0-301F-11D3-BF4B-00C04F79EFBC}") = "AvivatecParty.Services.Api", "src\AvivatecParty.Services.Api\AvivatecParty.Services.Api.csproj", "{497B1FF5-A073-4955-AD13-D3142DA17865}"
EndProject
Global
	GlobalSection(SolutionConfigurationPlatforms) = preSolution
		Debug|Any CPU = Debug|Any CPU
		Release|Any CPU = Release|Any CPU
	EndGlobalSection
	GlobalSection(ProjectConfigurationPlatforms) = postSolution
		{2FC30BB4-404B-4757-886E-D2F79A0EEE8F}.Debug|Any CPU.ActiveCfg = Debug|Any CPU
		{2FC30BB4-404B-4757-886E-D2F79A0EEE8F}.Debug|Any CPU.Build.0 = Debug|Any CPU
		{2FC30BB4-404B-4757-886E-D2F79A0EEE8F}.Release|Any CPU.ActiveCfg = Release|Any CPU
		{2FC30BB4-404B-4757-886E-D2F79A0EEE8F}.Release|Any CPU.Build.0 = Release|Any CPU
		{45B18A67-C108-4220-A7E0-B1493EC698AA}.Debug|Any CPU.ActiveCfg = Debug|Any CPU
		{45B18A67-C108-4220-A7E0-B1493EC698AA}.Debug|Any CPU.Build.0 = Debug|Any CPU
		{45B18A67-C108-4220-A7E0-B1493EC698AA}.Release|Any CPU.ActiveCfg = Release|Any CPU
		{45B18A67-C108-4220-A7E0-B1493EC698AA}.Release|Any CPU.Build.0 = Release|Any CPU
		{1937AE60-80CE-4D92-9A9C-F0C9E23A28CA}.Debug|Any CPU.ActiveCfg = Debug|Any CPU
		{1937AE60-80CE-4D92-9A9C-F0C9E23A28CA}.Debug|Any CPU.Build.0 = Debug|Any CPU
		{1937AE60-80CE-4D92-9A9C-F0C9E23A28CA}.Release|Any CPU.ActiveCfg = Release|Any CPU
		{1937AE60-80CE-4D92-9A9C-F0C9E23A28CA}.Release|Any CPU.Build.0 = Release|Any CPU
		{4A85120A-B020-4E3E-88A7-DC3E80E44290}.Debug|Any CPU.ActiveCfg = Debug|Any CPU
		{4A85120A-B020-4E3E-88A7-DC3E80E44290}.Debug|Any CPU.Build.0 = Debug|Any CPU
		{4A85120A-B020-4E3E-88A7-DC3E80E44290}.Release|Any CPU.ActiveCfg = Release|Any CPU
		{4A85120A-B020-4E3E-88A7-DC3E80E44290}.Release|Any CPU.Build.0 = Release|Any CPU
		{6192B9BE-22AE-45DB-AE61-295DBA09750F}.Debug|Any CPU.ActiveCfg = Debug|Any CPU
		{6192B9BE-22AE-45DB-AE61-295DBA09750F}.Debug|Any CPU.Build.0 = Debug|Any CPU
		{6192B9BE-22AE-45DB-AE61-295DBA09750F}.Release|Any CPU.ActiveCfg = Release|Any CPU
		{6192B9BE-22AE-45DB-AE61-295DBA09750F}.Release|Any CPU.Build.0 = Release|Any CPU
		{6DD5F905-3B70-481E-9092-B5399E3295EA}.Debug|Any CPU.ActiveCfg = Debug|Any CPU
		{6DD5F905-3B70-481E-9092-B5399E3295EA}.Debug|Any CPU.Build.0 = Debug|Any CPU
		{6DD5F905-3B70-481E-9092-B5399E3295EA}.Release|Any CPU.ActiveCfg = Release|Any CPU
		{6DD5F905-3B70-481E-9092-B5399E3295EA}.Release|Any CPU.Build.0 = Release|Any CPU
		{497B1FF5-A073-4955-AD13-D3142DA17865}.Debug|Any CPU.ActiveCfg = Debug|Any CPU
		{497B1FF5-A073-4955-AD13-D3142DA17865}.Debug|Any CPU.Build.0 = Debug|Any CPU
		{497B1FF5-A073-4955-AD13-D3142DA17865}.Release|Any CPU.ActiveCfg = Release|Any CPU
		{497B1FF5-A073-4955-AD13-D3142DA17865}.Release|Any CPU.Build.0 = Release|Any CPU
	EndGlobalSection
	GlobalSection(SolutionProperties) = preSolution
		HideSolutionNode = FALSE
	EndGlobalSection
	GlobalSection(NestedProjects) = preSolution
		{427EC155-8067-4BA3-BE16-D87380D00E59} = {AE8231F6-F328-4839-8DAD-368BD06662BE}
		{348E0BB0-52DD-4AED-9007-608E82732CC8} = {AE8231F6-F328-4839-8DAD-368BD06662BE}
		{2FC30BB4-404B-4757-886E-D2F79A0EEE8F} = {5CCF280E-D1A5-4214-B056-EB69721309E7}
		{45B18A67-C108-4220-A7E0-B1493EC698AA} = {5CCF280E-D1A5-4214-B056-EB69721309E7}
		{1937AE60-80CE-4D92-9A9C-F0C9E23A28CA} = {427EC155-8067-4BA3-BE16-D87380D00E59}
		{4A85120A-B020-4E3E-88A7-DC3E80E44290} = {348E0BB0-52DD-4AED-9007-608E82732CC8}
		{6192B9BE-22AE-45DB-AE61-295DBA09750F} = {348E0BB0-52DD-4AED-9007-608E82732CC8}
		{6DD5F905-3B70-481E-9092-B5399E3295EA} = {B04ABA81-6657-466C-AD06-CD3C503C0EC9}
		{497B1FF5-A073-4955-AD13-D3142DA17865} = {6D76863D-A6D9-4880-99C6-DA50749B227D}
	EndGlobalSection
	GlobalSection(ExtensibilityGlobals) = postSolution
		SolutionGuid = {E1DDAF03-BC0E-4977-B8C7-761D8C8FFA21}
	EndGlobalSection
EndGlobal
